{
  "com.google.code.findbugs:jsr305:3.0.2": {
    "jsr305-3.0.2.jar": {
      "url": "https://plugins.gradle.org/m2/com/google/code/findbugs/jsr305/3.0.2/jsr305-3.0.2.jar",
      "hash": "sha256-dmrSoHg/JoeWLIrXTO7MOKKLn3Ki0IXuQ4t4E+ko0Mc="
    },
    "jsr305-3.0.2.pom": {
      "url": "https://plugins.gradle.org/m2/com/google/code/findbugs/jsr305/3.0.2/jsr305-3.0.2.pom",
      "hash": "sha256-GYidvfGyVLJgGl7mRbgUepdGRIgil2hMeYr+XWPXjf4="
    }
  },
  "com.google.gradle:osdetector-gradle-plugin:1.7.3": {
    "osdetector-gradle-plugin-1.7.3.jar": {
      "url": "https://plugins.gradle.org/m2/com/google/gradle/osdetector-gradle-plugin/1.7.3/osdetector-gradle-plugin-1.7.3.jar",
      "hash": "sha256-a0aS+ROiGx+2Axae54uo8+SrKvnXYq+cqIt5EmwcCtE="
    },
    "osdetector-gradle-plugin-1.7.3.pom": {
      "url": "https://plugins.gradle.org/m2/com/google/gradle/osdetector-gradle-plugin/1.7.3/osdetector-gradle-plugin-1.7.3.pom",
      "hash": "sha256-hGDJUBJ8o1mHZhYeOLT/jWO01p+4MQoW4As1E1ABDBE="
    }
  },
  "kr.motd.maven:os-maven-plugin:1.7.1": {
    "os-maven-plugin-1.7.1.jar": {
      "url": "https://plugins.gradle.org/m2/kr/motd/maven/os-maven-plugin/1.7.1/os-maven-plugin-1.7.1.jar",
      "hash": "sha256-9Hru+Ggh5SsrGHWJeL0EXwPXIikuMudHCCEixiKJUuA="
    },
    "os-maven-plugin-1.7.1.pom": {
      "url": "https://plugins.gradle.org/m2/kr/motd/maven/os-maven-plugin/1.7.1/os-maven-plugin-1.7.1.pom",
      "hash": "sha256-S3WABEIrljPdMY8p54Tx0YC9ilkgzVCvGTCGH21qVHY="
    }
  },
  "org.beryx:badass-jlink-plugin:4.0.0": {
    "badass-jlink-plugin-4.0.0.jar": {
      "url": "https://plugins.gradle.org/m2/org/beryx/badass-jlink-plugin/4.0.0/badass-jlink-plugin-4.0.0.jar",
      "hash": "sha256-xHUVV3sKt2tEv0pCT2nqYSZzqpabtzKDbri4BmOTusQ="
    },
    "badass-jlink-plugin-4.0.0.module": {
      "url": "https://plugins.gradle.org/m2/org/beryx/badass-jlink-plugin/4.0.0/badass-jlink-plugin-4.0.0.module",
      "hash": "sha256-lDf1JWSIKwmXgitUaQM44qwZ5dbISxgdqEquzPphK2o="
    },
    "badass-jlink-plugin-4.0.0.pom": {
      "url": "https://plugins.gradle.org/m2/org/beryx/badass-jlink-plugin/4.0.0/badass-jlink-plugin-4.0.0.pom",
      "hash": "sha256-QJ9mev20NgY9i4nxnWrkWzOEuU6BWXblw3qzZJPKgSc="
    }
  },
  "org.beryx.jlink:org.beryx.jlink.gradle.plugin:4.0.0": {
    "org.beryx.jlink.gradle.plugin-4.0.0.pom": {
      "url": "https://plugins.gradle.org/m2/org/beryx/jlink/org.beryx.jlink.gradle.plugin/4.0.0/org.beryx.jlink.gradle.plugin-4.0.0.pom",
      "hash": "sha256-CLbhRc6ZkoxyLJkrkcnmx93x4BrHZEVjNuM20/z7YbQ="
    }
  },
  "org.openjfx:javafx:25.0.3": {
    "javafx-25.0.3.pom": {
      "url": "https://repo.maven.apache.org/maven2/org/openjfx/javafx/25.0.3/javafx-25.0.3.pom",
      "hash": "sha256-ZKtSL/GJcNZACgnd1GJvjJDTXG8qnHzmXrO6LBqfRuk="
    }
  },
  "org.openjfx:javafx-base:25.0.3": {
    "javafx-base-25.0.3-linux.jar": {
      "url": "https://repo.maven.apache.org/maven2/org/openjfx/javafx-base/25.0.3/javafx-base-25.0.3-linux.jar",
      "hash": "sha256-6idRmHl+DPUtwaLOaV3iPtxoIkKC9IRNoID7y29z5sw="
    },
    "javafx-base-25.0.3.pom": {
      "url": "https://repo.maven.apache.org/maven2/org/openjfx/javafx-base/25.0.3/javafx-base-25.0.3.pom",
      "hash": "sha256-NNn/M7LOHGagGv60zzYnRZpDUXvUrkOw13k4EwsMc44="
    }
  },
  "org.openjfx:javafx-controls:25.0.3": {
    "javafx-controls-25.0.3-linux.jar": {
      "url": "https://repo.maven.apache.org/maven2/org/openjfx/javafx-controls/25.0.3/javafx-controls-25.0.3-linux.jar",
      "hash": "sha256-m7hGIfiOCzNJuWzgboKyUB1t2+SdYAGMn1c5ATEB/R0="
    },
    "javafx-controls-25.0.3.pom": {
      "url": "https://repo.maven.apache.org/maven2/org/openjfx/javafx-controls/25.0.3/javafx-controls-25.0.3.pom",
      "hash": "sha256-30Km2OXotpW8xo09UMW09vf9NRQVDzaSapwVxfnodwE="
    }
  },
  "org.openjfx:javafx-fxml:25.0.3": {
    "javafx-fxml-25.0.3-linux.jar": {
      "url": "https://repo.maven.apache.org/maven2/org/openjfx/javafx-fxml/25.0.3/javafx-fxml-25.0.3-linux.jar",
      "hash": "sha256-gGRRI7gpgkyOmJdjqPuXNNeUmUiqGB1qJ/rLx6ZWO4A="
    },
    "javafx-fxml-25.0.3.pom": {
      "url": "https://repo.maven.apache.org/maven2/org/openjfx/javafx-fxml/25.0.3/javafx-fxml-25.0.3.pom",
      "hash": "sha256-l1bc4TK9LZ883RnrWz2TuM3HaX9pT4MPPA26y+hxEII="
    }
  },
  "org.openjfx:javafx-graphics:25.0.3": {
    "javafx-graphics-25.0.3-linux.jar": {
      "url": "https://repo.maven.apache.org/maven2/org/openjfx/javafx-graphics/25.0.3/javafx-graphics-25.0.3-linux.jar",
      "hash": "sha256-VyNoMC5we2Wx4OwFCCJym5Mai/7EARu0uEyZFwL8nCc="
    },
    "javafx-graphics-25.0.3.pom": {
      "url": "https://repo.maven.apache.org/maven2/org/openjfx/javafx-graphics/25.0.3/javafx-graphics-25.0.3.pom",
      "hash": "sha256-3FeO0TBQuidCJhs1kq+jcLqhlioCGc1Z/d8Xr6QPuMo="
    }
  },
  "org.openjfx:javafx-plugin:0.1.0": {
    "javafx-plugin-0.1.0.jar": {
      "url": "https://plugins.gradle.org/m2/org/openjfx/javafx-plugin/0.1.0/javafx-plugin-0.1.0.jar",
      "hash": "sha256-Xq7sB5m0QGRrDKTP2iGaMttr4rpXktAyoNpKOlw4j6s="
    },
    "javafx-plugin-0.1.0.module": {
      "url": "https://plugins.gradle.org/m2/org/openjfx/javafx-plugin/0.1.0/javafx-plugin-0.1.0.module",
      "hash": "sha256-rf+3RA0kntF8BJOD1nBp+UU7F3gncMAFtoKkNBbYNmE="
    },
    "javafx-plugin-0.1.0.pom": {
      "url": "https://plugins.gradle.org/m2/org/openjfx/javafx-plugin/0.1.0/javafx-plugin-0.1.0.pom",
      "hash": "sha256-NMjfVSfrWjXl8AmjzeH3oInEzkoOclgC8uy+UDu9PLY="
    }
  },
  "org.openjfx.javafxplugin:org.openjfx.javafxplugin.gradle.plugin:0.1.0": {
    "org.openjfx.javafxplugin.gradle.plugin-0.1.0.pom": {
      "url": "https://plugins.gradle.org/m2/org/openjfx/javafxplugin/org.openjfx.javafxplugin.gradle.plugin/0.1.0/org.openjfx.javafxplugin.gradle.plugin-0.1.0.pom",
      "hash": "sha256-1tASf/Q2PQAXPDV6mByec+/wPDCl0Ohq2CtgVPrvqEE="
    }
  },
  "org.sonatype.oss:oss-parent:9": {
    "oss-parent-9.pom": {
      "url": "https://plugins.gradle.org/m2/org/sonatype/oss/oss-parent/9/oss-parent-9.pom",
      "hash": "sha256-+0AmX5glSCEv+C42LllzKyGH7G8NgBgohcFO8fmCgno="
    }
  },
  "org.sonatype.oss:oss-parent:7": {
    "oss-parent-7.pom": {
      "url": "https://plugins.gradle.org/m2/org/sonatype/oss/oss-parent/7/oss-parent-7.pom",
      "hash": "sha256-tR+IZ8kranIkmVV/w6H96ne9+e9XRyL+kM5DailVlFQ="
    }
  }
}